
Microsoft Visual Studio Solution File, Format Version 12.00
# Visual Studio 14
VisualStudioVersion = 14.0.25420.1
MinimumVisualStudioVersion = 10.0.40219.1
Project("{FAE04EC0-301F-11D3-BF4B-00C04F79EFBC}") = "AlienRace", "AlienRace\AlienRace.csproj", "{E7AFA757-436C-40A3-AAFD-66351AA01536}"
EndProject
Project("{FAE04EC0-301F-11D3-BF4B-00C04F79EFBC}") = "AlienRaceTest", "AlienRaceTest\AlienRaceTest.csproj", "{F53EA3BF-F685-4E72-B73B-93B4C312B319}"
EndProject
Global
	GlobalSection(SolutionConfigurationPlatforms) = preSolution
		Debug|Any CPU = Debug|Any CPU
		Release|Any CPU = Release|Any CPU
	EndGlobalSection
	GlobalSection(ProjectConfigurationPlatforms) = postSolution
		{E7AFA757-436C-40A3-AAFD-66351AA01536}.Debug|Any CPU.ActiveCfg = Debug|Any CPU
		{E7AFA757-436C-40A3-AAFD-66351AA01536}.Debug|Any CPU.Build.0 = Debug|Any CPU
		{E7AFA757-436C-40A3-AAFD-66351AA01536}.Release|Any CPU.ActiveCfg = Release|Any CPU
		{E7AFA757-436C-40A3-AAFD-66351AA01536}.Release|Any CPU.Build.0 = Release|Any CPU
		{F53EA3BF-F685-4E72-B73B-93B4C312B319}.Debug|Any CPU.ActiveCfg = Debug|Any CPU
		{F53EA3BF-F685-4E72-B73B-93B4C312B319}.Debug|Any CPU.Build.0 = Debug|Any CPU
		{F53EA3BF-F685-4E72-B73B-93B4C312B319}.Release|Any CPU.ActiveCfg = Release|Any CPU
		{F53EA3BF-F685-4E72-B73B-93B4C312B319}.Release|Any CPU.Build.0 = Release|Any CPU
	EndGlobalSection
	GlobalSection(SolutionProperties) = preSolution
		HideSolutionNode = FALSE
	EndGlobalSection
EndGlobal
